
Microsoft Visual Studio Solution File, Format Version 12.00
# Visual Studio Version 16
VisualStudioVersion = 16.0.30413.136
MinimumVisualStudioVersion = 10.0.40219.1
Project("{FAE04EC0-301F-11D3-BF4B-00C04F79EFBC}") = "abelandcole", "abelandcole\abelandcole.csproj", "{3323AE2E-87B7-4F4E-8D75-A9025DA590C5}"
EndProject
Global
	GlobalSection(SolutionConfigurationPlatforms) = preSolution
		Debug|Any CPU = Debug|Any CPU
		Release|Any CPU = Release|Any CPU
	EndGlobalSection
	GlobalSection(ProjectConfigurationPlatforms) = postSolution
		{3323AE2E-87B7-4F4E-8D75-A9025DA590C5}.Debug|Any CPU.ActiveCfg = Debug|Any CPU
		{3323AE2E-87B7-4F4E-8D75-A9025DA590C5}.Debug|Any CPU.Build.0 = Debug|Any CPU
		{3323AE2E-87B7-4F4E-8D75-A9025DA590C5}.Release|Any CPU.ActiveCfg = Release|Any CPU
		{3323AE2E-87B7-4F4E-8D75-A9025DA590C5}.Release|Any CPU.Build.0 = Release|Any CPU
	EndGlobalSection
	GlobalSection(SolutionProperties) = preSolution
		HideSolutionNode = FALSE
	EndGlobalSection
	GlobalSection(ExtensibilityGlobals) = postSolution
		SolutionGuid = {D6B81ADD-10D4-4E2C-ABE9-9F794E3DB975}
	EndGlobalSection
EndGlobal
